
Microsoft Visual Studio Solution File, Format Version 12.00
# Visual Studio 15
VisualStudioVersion = 15.0.28010.2003
MinimumVisualStudioVersion = 10.0.40219.1
Project("{FAE04EC0-301F-11D3-BF4B-00C04F79EFBC}") = "GAPTest", "GAPTest\GAPTest.csproj", "{631D500B-3412-4721-ABAF-0F8C34B74C6D}"
EndProject
Project("{FAE04EC0-301F-11D3-BF4B-00C04F79EFBC}") = "GAPTest.Tests", "GAPTest.Tests\GAPTest.Tests.csproj", "{FB972551-F025-4C29-8911-0D6BAD96BF48}"
EndProject
Project("{FAE04EC0-301F-11D3-BF4B-00C04F79EFBC}") = "PolicyModel", "PolicyModel\PolicyModel.csproj", "{6197E93D-CFB6-4D36-B944-AB78D65BCD4F}"
EndProject
Global
	GlobalSection(SolutionConfigurationPlatforms) = preSolution
		Debug|Any CPU = Debug|Any CPU
		Release|Any CPU = Release|Any CPU
	EndGlobalSection
	GlobalSection(ProjectConfigurationPlatforms) = postSolution
		{631D500B-3412-4721-ABAF-0F8C34B74C6D}.Debug|Any CPU.ActiveCfg = Debug|Any CPU
		{631D500B-3412-4721-ABAF-0F8C34B74C6D}.Debug|Any CPU.Build.0 = Debug|Any CPU
		{631D500B-3412-4721-ABAF-0F8C34B74C6D}.Release|Any CPU.ActiveCfg = Release|Any CPU
		{631D500B-3412-4721-ABAF-0F8C34B74C6D}.Release|Any CPU.Build.0 = Release|Any CPU
		{FB972551-F025-4C29-8911-0D6BAD96BF48}.Debug|Any CPU.ActiveCfg = Debug|Any CPU
		{FB972551-F025-4C29-8911-0D6BAD96BF48}.Debug|Any CPU.Build.0 = Debug|Any CPU
		{FB972551-F025-4C29-8911-0D6BAD96BF48}.Release|Any CPU.ActiveCfg = Release|Any CPU
		{FB972551-F025-4C29-8911-0D6BAD96BF48}.Release|Any CPU.Build.0 = Release|Any CPU
		{6197E93D-CFB6-4D36-B944-AB78D65BCD4F}.Debug|Any CPU.ActiveCfg = Debug|Any CPU
		{6197E93D-CFB6-4D36-B944-AB78D65BCD4F}.Debug|Any CPU.Build.0 = Debug|Any CPU
		{6197E93D-CFB6-4D36-B944-AB78D65BCD4F}.Release|Any CPU.ActiveCfg = Release|Any CPU
		{6197E93D-CFB6-4D36-B944-AB78D65BCD4F}.Release|Any CPU.Build.0 = Release|Any CPU
	EndGlobalSection
	GlobalSection(SolutionProperties) = preSolution
		HideSolutionNode = FALSE
	EndGlobalSection
	GlobalSection(ExtensibilityGlobals) = postSolution
		SolutionGuid = {BE3C6B8F-F813-48CE-9A77-5870D51A9722}
	EndGlobalSection
EndGlobal
